hash: 581c41b8b438fb58387ffa2159ab5c4fe261d19bd2b3faaa30afbd79ba02272f
updated: 2019-08-25T02:47:55.891191275-07:00
imports:
- name: github.com/aws/aws-sdk-go
  version: 2bb03b65e85d6cd02d68c7eb1a5d9e1574951707
  subpackages:
  - aws
  - aws/awserr
  - aws/awsutil
  - aws/client
  - aws/client/metadata
  - aws/corehandlers
  - aws/credentials
  - aws/credentials/ec2rolecreds
  - aws/credentials/endpointcreds
  - aws/credentials/processcreds
  - aws/credentials/stscreds
  - aws/csm
  - aws/defaults
  - aws/ec2metadata
  - aws/endpoints
  - aws/request
  - aws/session
  - aws/signer/v4
  - internal/ini
  - internal/s3err
  - internal/sdkio
  - internal/sdkrand
  - internal/sdkuri
  - internal/shareddefaults
  - private/protocol
  - private/protocol/eventstream
  - private/protocol/eventstream/eventstreamapi
  - private/protocol/json/jsonutil
  - private/protocol/query
  - private/protocol/query/queryutil
  - private/protocol/rest
  - private/protocol/restxml
  - private/protocol/xml/xmlutil
  - service/s3
  - service/s3/s3iface
  - service/s3/s3manager
  - service/sts
  - service/sts/stsiface
- name: github.com/cactus/go-statsd-client
  version: 138b925ccdf617776955904ba7759fce64406cec
  subpackages:
  - statsd
- name: github.com/DataDog/zstd
  version: 2347a397da4ee9c6b8226d4aff82c302d0e52773
- name: github.com/davecgh/go-spew
  version: d8f796af33cc11cb798c1aaeb27a4ebc5099927d
  subpackages:
  - spew
- name: github.com/eapache/go-resiliency
  version: b98ce2825f7276cc41027348986a241ef5d62fd8
  subpackages:
  - breaker
- name: github.com/eapache/go-xerial-snappy
  version: 776d5712da21bc4762676d614db1d8a64f4238b0
- name: github.com/eapache/queue
  version: 093482f3f8ce946c05bcba64badd2c82369e084d
- name: github.com/efirs/hdfs
  version: f74591a6a7cb534a7e23d3a1ecbd95ae8fce6535
  subpackages:
  - protocol/hadoop_common
  - protocol/hadoop_hdfs
  - rpc
- name: github.com/fsnotify/fsnotify
  version: c2828203cd70a50dcccfb2761f8b1f8ceef9a8e9
- name: github.com/getsentry/raven-go
  version: 5c24d5110e0e198d9ae16f1f3465366085001d92
- name: github.com/go-sql-driver/mysql
  version: 877a9775f06853f611fb2d4e817d92479242d1cd
- name: github.com/gofrs/uuid
  version: abfe1881e60ef34074c1b8d8c63b42565c356ed6
- name: github.com/golang/protobuf
  version: 6c65a5562fc06764971b7c5d05c76c75e84bdbf7
  subpackages:
  - proto
- name: github.com/golang/snappy
  version: 2a8bb927dd31d8daada140a5d09578521ce5c36a
- name: github.com/google/uuid
  version: c2e93f3ae59f2904160ceaab466009f965df46d6
- name: github.com/hashicorp/go-uuid
  version: 4f571afc59f3043a65f8fe6bf46d887b10a01d43
- name: github.com/jcmturner/gofork
  version: dc7c13fece037a4a36e2b3c69db4991498d30692
  subpackages:
  - encoding/asn1
  - x/crypto/pbkdf2
- name: github.com/jmespath/go-jmespath
  version: c2b33e8439af944379acbdd9c3a5fe0bc44bd8a5
- name: github.com/juju/errors
  version: 0232dcc7464d0c0037b619d6e10190301d01362f
- name: github.com/konsorten/go-windows-terminal-sequences
  version: f55edac94c9bbba5d6182a4be46d86a2c9b5b50e
- name: github.com/lib/pq
  version: 78223426e7c66d631117c0a9da1b7f3fde4d23a5
  subpackages:
  - oid
  - scram
- name: github.com/linkedin/goavro
  version: 44e21733ba10332b88303373cac586154316aa5c
- name: github.com/mailru/go-clickhouse
  version: bc658e52b0940cf4fbc3c548762e2a5905729c9f
- name: github.com/ngaut/log
  version: b8e36e7ba5ac61ce5644e570f1cc42d97dbaf8ed
- name: github.com/opentracing/opentracing-go
  version: 135aa78c6f95b4a199daf2f0470d231136cbbd0c
  subpackages:
  - log
- name: github.com/philhofer/fwd
  version: bb6d471dc95d4fe11e432687f8b70ff496cf3136
- name: github.com/pierrec/lz4
  version: 3953b06bcb948374598000098832ff46319ace16
  subpackages:
  - internal/xxh32
- name: github.com/pingcap/errors
  version: 95897b64e011c18f05b4daac8ff3098a6d80c57e
- name: github.com/pkg/errors
  version: 27936f6d90f9c8e1145f11ed52ffffbfdb9e0af7
- name: github.com/prometheus/client_golang
  version: 35ef65db672a76effef5f0808decd0484a636f3f
- name: github.com/prometheus/common
  version: 637d7c34db122e2d1a25d061423098663758d2d3
- name: github.com/rcrowley/go-metrics
  version: d5a5a65eb11a49f673597a2a591d8855c6b45a65
- name: github.com/satori/go.uuid
  version: b2ce2384e17bbe0c6d34077efa39dbab3e09123b
- name: github.com/Shopify/sarama
  version: 46c83074a05474240f9620fb7c70fb0d80ca401a
- name: github.com/shopspring/decimal
  version: cd690d0c9e2447b1ef2a129a6b7b49077da89b8e
- name: github.com/siddontang/go
  version: bdc77568d726a8702315ec4eafda030b6abc4f43
  subpackages:
  - hack
- name: github.com/siddontang/go-log
  version: 1e957dd83bed18c84716181da7b80d4af48eaefe
  subpackages:
  - log
  - loggers
- name: github.com/siddontang/go-mysql
  version: d34ccf107dfdb662453e3aef8c3f0f914a1d8c18
  subpackages:
  - client
  - mysql
  - packet
  - replication
- name: github.com/sirupsen/logrus
  version: ad15b42461921f1fb3529b058c6786c6a45d5162
- name: github.com/tinylib/msgp
  version: efe20429c9b7b2a358aba9ba2d40ad56d966ce00
  subpackages:
  - msgp
- name: github.com/uber-common/bark
  version: 02d883c81a4e7b76904d97efb176efdf4be791bd
- name: github.com/uber-go/tally
  version: 3332297784e46cd346ab6d9894fd4ea027dc9368
  subpackages:
  - statsd
- name: github.com/ugorji/go
  version: 23ab95ef5dc3b70286760af84ce2327a2b64ed62
- name: go.uber.org/atomic
  version: df976f2515e274675050de7b3f42545de80594fd
- name: go.uber.org/multierr
  version: 3c4937480c32f4c13a875a1829af76c98ca3d40a
- name: go.uber.org/zap
  version: 27376062155ad36be76b0f12cf1572a221d3a48c
  subpackages:
  - buffer
  - internal/bufferpool
  - internal/color
  - internal/exit
  - zapcore
- name: golang.org/x/crypto
  version: 60c769a6c58655dab1b9adac0d58967dd517cfba
  subpackages:
  - cast5
  - md4
  - openpgp
  - openpgp/armor
  - openpgp/elgamal
  - openpgp/errors
  - openpgp/packet
  - openpgp/s2k
  - pbkdf2
  - ssh/terminal
- name: golang.org/x/net
  version: 74dc4d7220e7acc4e100824340f3e66577424772
  subpackages:
  - context
  - internal/socks
  - proxy
- name: golang.org/x/sync
  version: 112230192c580c3556b8cee6403af37a4fc5f28c
  subpackages:
  - semaphore
- name: golang.org/x/sys
  version: fde4db37ae7ad8191b03d30d27f258b5291ae4e3
  subpackages:
  - unix
  - windows
- name: golang.org/x/text
  version: 342b2e1fbaa52c93f31447ad2c6abc048c63e475
- name: google.golang.org/appengine
  version: fb139bde60fa77cede04f226b4d5a3cf68dcce27
  subpackages:
  - cloudsql
- name: google.golang.org/grpc
  version: 6eaf6f47437a6b4e2153a190160ef39a92c7eceb
- name: gopkg.in/jcmturner/aescts.v1
  version: f6abebb3171c4c1b1fea279cb7c7325020a26290
- name: gopkg.in/jcmturner/dnsutils.v1
  version: 13eeb8d49ffb74d7a75784c35e4d900607a3943c
- name: gopkg.in/jcmturner/gokrb5.v7
  version: 363118e62befa8a14ff01031c025026077fe5d6d
  subpackages:
  - asn1tools
  - client
  - config
  - credentials
  - crypto
  - crypto/common
  - crypto/etype
  - crypto/rfc3961
  - crypto/rfc3962
  - crypto/rfc4757
  - crypto/rfc8009
  - gssapi
  - iana
  - iana/addrtype
  - iana/adtype
  - iana/asnAppTag
  - iana/chksumtype
  - iana/errorcode
  - iana/etypeID
  - iana/flags
  - iana/keyusage
  - iana/msgtype
  - iana/nametype
  - iana/patype
  - kadmin
  - keytab
  - krberror
  - messages
  - pac
  - types
- name: gopkg.in/jcmturner/rpc.v1
  version: 99a8ce2fbf8b8087b6ed12a37c61b10f04070043
  subpackages:
  - mstypes
  - ndr
- name: gopkg.in/yaml.v2
  version: 51d6538a90f86fe93ac480b35f37b2be17fef232
testImports:
- name: github.com/pmezard/go-difflib
  version: 5d4384ee4fb2527b0a1256a821ebfc92f91efefc
  subpackages:
  - difflib
- name: github.com/stretchr/testify
  version: 221dbe5ed46703ee255b1da0dec05086f5035f62
  subpackages:
  - assert
  - require
